
Microsoft Visual Studio Solution File, Format Version 12.00
# Visual Studio 15
VisualStudioVersion = 15.0.27729.1
MinimumVisualStudioVersion = 10.0.40219.1
Project("{FAE04EC0-301F-11D3-BF4B-00C04F79EFBC}") = "Edu.Swagger", "Edu.Swagger\Edu.Swagger.csproj", "{E4646BBB-DBF1-4597-926F-2D297BE37D11}"
EndProject
Global
	GlobalSection(SolutionConfigurationPlatforms) = preSolution
		Debug|Any CPU = Debug|Any CPU
		Release|Any CPU = Release|Any CPU
	EndGlobalSection
	GlobalSection(ProjectConfigurationPlatforms) = postSolution
		{E4646BBB-DBF1-4597-926F-2D297BE37D11}.Debug|Any CPU.ActiveCfg = Debug|Any CPU
		{E4646BBB-DBF1-4597-926F-2D297BE37D11}.Debug|Any CPU.Build.0 = Debug|Any CPU
		{E4646BBB-DBF1-4597-926F-2D297BE37D11}.Release|Any CPU.ActiveCfg = Release|Any CPU
		{E4646BBB-DBF1-4597-926F-2D297BE37D11}.Release|Any CPU.Build.0 = Release|Any CPU
	EndGlobalSection
	GlobalSection(SolutionProperties) = preSolution
		HideSolutionNode = FALSE
	EndGlobalSection
	GlobalSection(ExtensibilityGlobals) = postSolution
		SolutionGuid = {077884A4-6466-45C8-995E-231A63C149D6}
	EndGlobalSection
EndGlobal
